// !$*UTF8*$!
{
	archiveVersion = 1;
	classes = {
	};
	objectVersion = 56;
	objects = {

/* Begin PBXBuildFile section */
		8CFFDB202C99BBF500D52CD6 /* DailyMoodsApp.swift in Sources */ = {isa = PBXBuildFile; fileRef = 8CFFDB1F2C99BBF500D52CD6 /* DailyMoodsApp.swift */; };
		8CFFDB222C99BBF500D52CD6 /* ContentView.swift in Sources */ = {isa = PBXBuildFile; fileRef = 8CFFDB212C99BBF500D52CD6 /* ContentView.swift */; };
		8CFFDB242C99BBF600D52CD6 /* Assets.xcassets in Resources */ = {isa = PBXBuildFile; fileRef = 8CFFDB232C99BBF600D52CD6 /* Assets.xcassets */; };
		8CFFDB272C99BBF600D52CD6 /* Preview Assets.xcassets in Resources */ = {isa = PBXBuildFile; fileRef = 8CFFDB262C99BBF600D52CD6 /* Preview Assets.xcassets */; };
		8CFFDB312C99BBF700D52CD6 /* DailyMoodsTests.swift in Sources */ = {isa = PBXBuildFile; fileRef = 8CFFDB302C99BBF700D52CD6 /* DailyMoodsTests.swift */; };
		8CFFDB3B2C99BBF700D52CD6 /* DailyMoodsUITests.swift in Sources */ = {isa = PBXBuildFile; fileRef = 8CFFDB3A2C99BBF700D52CD6 /* DailyMoodsUITests.swift */; };
		8CFFDB3D2C99BBF700D52CD6 /* DailyMoodsUITestsLaunchTests.swift in Sources */ = {isa = PBXBuildFile; fileRef = 8CFFDB3C2C99BBF700D52CD6 /* DailyMoodsUITestsLaunchTests.swift */; };
/* End PBXBuildFile section */

/* Begin PBXContainerItemProxy section */
		8CFFDB2D2C99BBF700D52CD6 /* PBXContainerItemProxy */ = {
			isa = PBXContainerItemProxy;
			containerPortal = 8CFFDB142C99BBF500D52CD6 /* Project object */;
			proxyType = 1;
			remoteGlobalIDString = 8CFFDB1B2C99BBF500D52CD6;
			remoteInfo = DailyMoods;
		};
		8CFFDB372C99BBF700D52CD6 /* PBXContainerItemProxy */ = {
			isa = PBXContainerItemProxy;
			containerPortal = 8CFFDB142C99BBF500D52CD6 /* Project object */;
			proxyType = 1;
			remoteGlobalIDString = 8CFFDB1B2C99BBF500D52CD6;
			remoteInfo = DailyMoods;
		};
/* End PBXContainerItemProxy section */

/* Begin PBXFileReference section */
		8CFFDB1C2C99BBF500D52CD6 /* DailyMoods.app */ = {isa = PBXFileReference; explicitFileType = wrapper.application; includeInIndex = 0; path = DailyMoods.app; sourceTree = BUILT_PRODUCTS_DIR; };
		8CFFDB1F2C99BBF500D52CD6 /* DailyMoodsApp.swift */ = {isa = PBXFileReference; lastKnownFileType = sourcecode.swift; path = DailyMoodsApp.swift; sourceTree = "<group>"; };
		8CFFDB212C99BBF500D52CD6 /* ContentView.swift */ = {isa = PBXFileReference; lastKnownFileType = sourcecode.swift; path = ContentView.swift; sourceTree = "<group>"; };
		8CFFDB232C99BBF600D52CD6 /* Assets.xcassets */ = {isa = PBXFileReference; lastKnownFileType = folder.assetcatalog; path = Assets.xcassets; sourceTree = "<group>"; };
		8CFFDB262C99BBF600D52CD6 /* Preview Assets.xcassets */ = {isa = PBXFileReference; lastKnownFileType = folder.assetcatalog; path = "Preview Assets.xcassets"; sourceTree = "<group>"; };
		8CFFDB2C2C99BBF700D52CD6 /* DailyMoodsTests.xctest */ = {isa = PBXFileReference; explicitFileType = wrapper.cfbundle; includeInIndex = 0; path = DailyMoodsTests.xctest; sourceTree = BUILT_PRODUCTS_DIR; };
		8CFFDB302C99BBF700D52CD6 /* DailyMoodsTests.swift */ = {isa = PBXFileReference; lastKnownFileType = sourcecode.swift; path = DailyMoodsTests.swift; sourceTree = "<group>"; };
		8CFFDB362C99BBF700D52CD6 /* DailyMoodsUITests.xctest */ = {isa = PBXFileReference; explicitFileType = wrapper.cfbundle; includeInIndex = 0; path = DailyMoodsUITests.xctest; sourceTree = BUILT_PRODUCTS_DIR; };
		8CFFDB3A2C99BBF700D52CD6 /* DailyMoodsUITests.swift */ = {isa = PBXFileReference; lastKnownFileType = sourcecode.swift; path = DailyMoodsUITests.swift; sourceTree = "<group>"; };
		8CFFDB3C2C99BBF700D52CD6 /* DailyMoodsUITestsLaunchTests.swift */ = {isa = PBXFileReference; lastKnownFileType = sourcecode.swift; path = DailyMoodsUITestsLaunchTests.swift; sourceTree = "<group>"; };
/* End PBXFileReference section */

/* Begin PBXFrameworksBuildPhase section */
		8CFFDB192C99BBF500D52CD6 /* Frameworks */ = {
			isa = PBXFrameworksBuildPhase;
			buildActionMask = 2147483647;
			files = (
			);
			runOnlyForDeploymentPostprocessing = 0;
		};
		8CFFDB292C99BBF700D52CD6 /* Frameworks */ = {
			isa = PBXFrameworksBuildPhase;
			buildActionMask = 2147483647;
			files = (
			);
			runOnlyForDeploymentPostprocessing = 0;
		};
		8CFFDB332C99BBF700D52CD6 /* Frameworks */ = {
			isa = PBXFrameworksBuildPhase;
			buildActionMask = 2147483647;
			files = (
			);
			runOnlyForDeploymentPostprocessing = 0;
		};
/* End PBXFrameworksBuildPhase section */

/* Begin PBXGroup section */
		8CFFDB132C99BBF500D52CD6 = {
			isa = PBXGroup;
			children = (
				8CFFDB1E2C99BBF500D52CD6 /* DailyMoods */,
				8CFFDB2F2C99BBF700D52CD6 /* DailyMoodsTests */,
				8CFFDB392C99BBF700D52CD6 /* DailyMoodsUITests */,
				8CFFDB1D2C99BBF500D52CD6 /* Products */,
			);
			sourceTree = "<group>";
		};
		8CFFDB1D2C99BBF500D52CD6 /* Products */ = {
			isa = PBXGroup;
			children = (
				8CFFDB1C2C99BBF500D52CD6 /* DailyMoods.app */,
				8CFFDB2C2C99BBF700D52CD6 /* DailyMoodsTests.xctest */,
				8CFFDB362C99BBF700D52CD6 /* DailyMoodsUITests.xctest */,
			);
			name = Products;
			sourceTree = "<group>";
		};
		8CFFDB1E2C99BBF500D52CD6 /* DailyMoods */ = {
			isa = PBXGroup;
			children = (
				8CFFDB1F2C99BBF500D52CD6 /* DailyMoodsApp.swift */,
				8CFFDB212C99BBF500D52CD6 /* ContentView.swift */,
				8CFFDB232C99BBF600D52CD6 /* Assets.xcassets */,
				8CFFDB252C99BBF600D52CD6 /* Preview Content */,
			);
			path = DailyMoods;
			sourceTree = "<group>";
		};
		8CFFDB252C99BBF600D52CD6 /* Preview Content */ = {
			isa = PBXGroup;
			children = (
				8CFFDB262C99BBF600D52CD6 /* Preview Assets.xcassets */,
			);
			path = "Preview Content";
			sourceTree = "<group>";
		};
		8CFFDB2F2C99BBF700D52CD6 /* DailyMoodsTests */ = {
			isa = PBXGroup;
			children = (
				8CFFDB302C99BBF700D52CD6 /* DailyMoodsTests.swift */,
			);
			path = DailyMoodsTests;
			sourceTree = "<group>";
		};
		8CFFDB392C99BBF700D52CD6 /* DailyMoodsUITests */ = {
			isa = PBXGroup;
			children = (
				8CFFDB3A2C99BBF700D52CD6 /* DailyMoodsUITests.swift */,
				8CFFDB3C2C99BBF700D52CD6 /* DailyMoodsUITestsLaunchTests.swift */,
			);
			path = DailyMoodsUITests;
			sourceTree = "<group>";
		};
/* End PBXGroup section */

/* Begin PBXNativeTarget section */
		8CFFDB1B2C99BBF500D52CD6 /* DailyMoods */ = {
			isa = PBXNativeTarget;
			buildConfigurationList = 8CFFDB402C99BBF700D52CD6 /* Build configuration list for PBXNativeTarget "DailyMoods" */;
			buildPhases = (
				8CFFDB182C99BBF500D52CD6 /* Sources */,
				8CFFDB192C99BBF500D52CD6 /* Frameworks */,
				8CFFDB1A2C99BBF500D52CD6 /* Resources */,
			);
			buildRules = (
			);
			dependencies = (
			);
			name = DailyMoods;
			productName = DailyMoods;
			productReference = 8CFFDB1C2C99BBF500D52CD6 /* DailyMoods.app */;
			productType = "com.apple.product-type.application";
		};
		8CFFDB2B2C99BBF700D52CD6 /* DailyMoodsTests */ = {
			isa = PBXNativeTarget;
			buildConfigurationList = 8CFFDB432C99BBF700D52CD6 /* Build configuration list for PBXNativeTarget "DailyMoodsTests" */;
			buildPhases = (
				8CFFDB282C99BBF700D52CD6 /* Sources */,
				8CFFDB292C99BBF700D52CD6 /* Frameworks */,
				8CFFDB2A2C99BBF700D52CD6 /* Resources */,
			);
			buildRules = (
			);
			dependencies = (
				8CFFDB2E2C99BBF700D52CD6 /* PBXTargetDependency */,
			);
			name = DailyMoodsTests;
			productName = DailyMoodsTests;
			productReference = 8CFFDB2C2C99BBF700D52CD6 /* DailyMoodsTests.xctest */;
			productType = "com.apple.product-type.bundle.unit-test";
		};
		8CFFDB352C99BBF700D52CD6 /* DailyMoodsUITests */ = {
			isa = PBXNativeTarget;
			buildConfigurationList = 8CFFDB462C99BBF700D52CD6 /* Build configuration list for PBXNativeTarget "DailyMoodsUITests" */;
			buildPhases = (
				8CFFDB322C99BBF700D52CD6 /* Sources */,
				8CFFDB332C99BBF700D52CD6 /* Frameworks */,
				8CFFDB342C99BBF700D52CD6 /* Resources */,
			);
			buildRules = (
			);
			dependencies = (
				8CFFDB382C99BBF700D52CD6 /* PBXTargetDependency */,
			);
			name = DailyMoodsUITests;
			productName = DailyMoodsUITests;
			productReference = 8CFFDB362C99BBF700D52CD6 /* DailyMoodsUITests.xctest */;
			productType = "com.apple.product-type.bundle.ui-testing";
		};
/* End PBXNativeTarget section */

/* Begin PBXProject section */
		8CFFDB142C99BBF500D52CD6 /* Project object */ = {
			isa = PBXProject;
			attributes = {
				BuildIndependentTargetsInParallel = 1;
				LastSwiftUpdateCheck = 1540;
				LastUpgradeCheck = 1540;
				TargetAttributes = {
					8CFFDB1B2C99BBF500D52CD6 = {
						CreatedOnToolsVersion = 15.4;
					};
					8CFFDB2B2C99BBF700D52CD6 = {
						CreatedOnToolsVersion = 15.4;
						TestTargetID = 8CFFDB1B2C99BBF500D52CD6;
					};
					8CFFDB352C99BBF700D52CD6 = {
						CreatedOnToolsVersion = 15.4;
						TestTargetID = 8CFFDB1B2C99BBF500D52CD6;
					};
				};
			};
			buildConfigurationList = 8CFFDB172C99BBF500D52CD6 /* Build configuration list for PBXProject "DailyMoods" */;
			compatibilityVersion = "Xcode 14.0";
			developmentRegion = en;
			hasScannedForEncodings = 0;
			knownRegions = (
				en,
				Base,
			);
			mainGroup = 8CFFDB132C99BBF500D52CD6;
			productRefGroup = 8CFFDB1D2C99BBF500D52CD6 /* Products */;
			projectDirPath = "";
			projectRoot = "";
			targets = (
				8CFFDB1B2C99BBF500D52CD6 /* DailyMoods */,
				8CFFDB2B2C99BBF700D52CD6 /* DailyMoodsTests */,
				8CFFDB352C99BBF700D52CD6 /* DailyMoodsUITests */,
			);
		};
/* End PBXProject section */

/* Begin PBXResourcesBuildPhase section */
		8CFFDB1A2C99BBF500D52CD6 /* Resources */ = {
			isa = PBXResourcesBuildPhase;
			buildActionMask = 2147483647;
			files = (
				8CFFDB272C99BBF600D52CD6 /* Preview Assets.xcassets in Resources */,
				8CFFDB242C99BBF600D52CD6 /* Assets.xcassets in Resources */,
			);
			runOnlyForDeploymentPostprocessing = 0;
		};
		8CFFDB2A2C99BBF700D52CD6 /* Resources */ = {
			isa = PBXResourcesBuildPhase;
			buildActionMask = 2147483647;
			files = (
			);
			runOnlyForDeploymentPostprocessing = 0;
		};
		8CFFDB342C99BBF700D52CD6 /* Resources */ = {
			isa = PBXResourcesBuildPhase;
			buildActionMask = 2147483647;
			files = (
			);
			runOnlyForDeploymentPostprocessing = 0;
		};
/* End PBXResourcesBuildPhase section */

/* Begin PBXSourcesBuildPhase section */
		8CFFDB182C99BBF500D52CD6 /* Sources */ = {
			isa = PBXSourcesBuildPhase;
			buildActionMask = 2147483647;
			files = (
				8CFFDB222C99BBF500D52CD6 /* ContentView.swift in Sources */,
				8CFFDB202C99BBF500D52CD6 /* DailyMoodsApp.swift in Sources */,
			);
			runOnlyForDeploymentPostprocessing = 0;
		};
		8CFFDB282C99BBF700D52CD6 /* Sources */ = {
			isa = PBXSourcesBuildPhase;
			buildActionMask = 2147483647;
			files = (
				8CFFDB312C99BBF700D52CD6 /* DailyMoodsTests.swift in Sources */,
			);
			runOnlyForDeploymentPostprocessing = 0;
		};
		8CFFDB322C99BBF700D52CD6 /* Sources */ = {
			isa = PBXSourcesBuildPhase;
			buildActionMask = 2147483647;
			files = (
				8CFFDB3B2C99BBF700D52CD6 /* DailyMoodsUITests.swift in Sources */,
				8CFFDB3D2C99BBF700D52CD6 /* DailyMoodsUITestsLaunchTests.swift in Sources */,
			);
			runOnlyForDeploymentPostprocessing = 0;
		};
/* End PBXSourcesBuildPhase section */

/* Begin PBXTargetDependency section */
		8CFFDB2E2C99BBF700D52CD6 /* PBXTargetDependency */ = {
			isa = PBXTargetDependency;
			target = 8CFFDB1B2C99BBF500D52CD6 /* DailyMoods */;
			targetProxy = 8CFFDB2D2C99BBF700D52CD6 /* PBXContainerItemProxy */;
		};
		8CFFDB382C99BBF700D52CD6 /* PBXTargetDependency */ = {
			isa = PBXTargetDependency;
			target = 8CFFDB1B2C99BBF500D52CD6 /* DailyMoods */;
			targetProxy = 8CFFDB372C99BBF700D52CD6 /* PBXContainerItemProxy */;
		};
/* End PBXTargetDependency section */

/* Begin XCBuildConfiguration section */
		8CFFDB3E2C99BBF700D52CD6 /* Debug */ = {
			isa = XCBuildConfiguration;
			buildSettings = {
				ALWAYS_SEARCH_USER_PATHS = NO;
				ASSETCATALOG_COMPILER_GENERATE_SWIFT_ASSET_SYMBOL_EXTENSIONS = YES;
				CLANG_ANALYZER_NONNULL = YES;
				CLANG_ANALYZER_NUMBER_OBJECT_CONVERSION = YES_AGGRESSIVE;
				CLANG_CXX_LANGUAGE_STANDARD = "gnu++20";
				CLANG_ENABLE_MODULES = YES;
				CLANG_ENABLE_OBJC_ARC = YES;
				CLANG_ENABLE_OBJC_WEAK = YES;
				CLANG_WARN_BLOCK_CAPTURE_AUTORELEASING = YES;
				CLANG_WARN_BOOL_CONVERSION = YES;
				CLANG_WARN_COMMA = YES;
				CLANG_WARN_CONSTANT_CONVERSION = YES;
				CLANG_WARN_DEPRECATED_OBJC_IMPLEMENTATIONS = YES;
				CLANG_WARN_DIRECT_OBJC_ISA_USAGE = YES_ERROR;
				CLANG_WARN_DOCUMENTATION_COMMENTS = YES;
				CLANG_WARN_EMPTY_BODY = YES;
				CLANG_WARN_ENUM_CONVERSION = YES;
				CLANG_WARN_INFINITE_RECURSION = YES;
				CLANG_WARN_INT_CONVERSION = YES;
				CLANG_WARN_NON_LITERAL_NULL_CONVERSION = YES;
				CLANG_WARN_OBJC_IMPLICIT_RETAIN_SELF = YES;
				CLANG_WARN_OBJC_LITERAL_CONVERSION = YES;
				CLANG_WARN_OBJC_ROOT_CLASS = YES_ERROR;
				CLANG_WARN_QUOTED_INCLUDE_IN_FRAMEWORK_HEADER = YES;
				CLANG_WARN_RANGE_LOOP_ANALYSIS = YES;
				CLANG_WARN_STRICT_PROTOTYPES = YES;
				CLANG_WARN_SUSPICIOUS_MOVE = YES;
				CLANG_WARN_UNGUARDED_AVAILABILITY = YES_AGGRESSIVE;
				CLANG_WARN_UNREACHABLE_CODE = YES;
				CLANG_WARN__DUPLICATE_METHOD_MATCH = YES;
				COPY_PHASE_STRIP = NO;
				DEBUG_INFORMATION_FORMAT = dwarf;
				ENABLE_STRICT_OBJC_MSGSEND = YES;
				ENABLE_TESTABILITY = YES;
				ENABLE_USER_SCRIPT_SANDBOXING = YES;
				GCC_C_LANGUAGE_STANDARD = gnu17;
				GCC_DYNAMIC_NO_PIC = NO;
				GCC_NO_COMMON_BLOCKS = YES;
				GCC_OPTIMIZATION_LEVEL = 0;
				GCC_PREPROCESSOR_DEFINITIONS = (
					"DEBUG=1",
					"$(inherited)",
				);
				GCC_WARN_64_TO_32_BIT_CONVERSION = YES;
				GCC_WARN_ABOUT_RETURN_TYPE = YES_ERROR;
				GCC_WARN_UNDECLARED_SELECTOR = YES;
				GCC_WARN_UNINITIALIZED_AUTOS = YES_AGGRESSIVE;
				GCC_WARN_UNUSED_FUNCTION = YES;
				GCC_WARN_UNUSED_VARIABLE = YES;
				IPHONEOS_DEPLOYMENT_TARGET = 17.5;
				LOCALIZATION_PREFERS_STRING_CATALOGS = YES;
				MTL_ENABLE_DEBUG_INFO = INCLUDE_SOURCE;
				MTL_FAST_MATH = YES;
				ONLY_ACTIVE_ARCH = YES;
				SDKROOT = iphoneos;
				SWIFT_ACTIVE_COMPILATION_CONDITIONS = "DEBUG $(inherited)";
				SWIFT_OPTIMIZATION_LEVEL = "-Onone";
			};
			name = Debug;
		};
		8CFFDB3F2C99BBF700D52CD6 /* Release */ = {
			isa = XCBuildConfiguration;
			buildSettings = {
				ALWAYS_SEARCH_USER_PATHS = NO;
				ASSETCATALOG_COMPILER_GENERATE_SWIFT_ASSET_SYMBOL_EXTENSIONS = YES;
				CLANG_ANALYZER_NONNULL = YES;
				CLANG_ANALYZER_NUMBER_OBJECT_CONVERSION = YES_AGGRESSIVE;
				CLANG_CXX_LANGUAGE_STANDARD = "gnu++20";
				CLANG_ENABLE_MODULES = YES;
				CLANG_ENABLE_OBJC_ARC = YES;
				CLANG_ENABLE_OBJC_WEAK = YES;
				CLANG_WARN_BLOCK_CAPTURE_AUTORELEASING = YES;
				CLANG_WARN_BOOL_CONVERSION = YES;
				CLANG_WARN_COMMA = YES;
				CLANG_WARN_CONSTANT_CONVERSION = YES;
				CLANG_WARN_DEPRECATED_OBJC_IMPLEMENTATIONS = YES;
				CLANG_WARN_DIRECT_OBJC_ISA_USAGE = YES_ERROR;
				CLANG_WARN_DOCUMENTATION_COMMENTS = YES;
				CLANG_WARN_EMPTY_BODY = YES;
				CLANG_WARN_ENUM_CONVERSION = YES;
				CLANG_WARN_INFINITE_RECURSION = YES;
				CLANG_WARN_INT_CONVERSION = YES;
				CLANG_WARN_NON_LITERAL_NULL_CONVERSION = YES;
				CLANG_WARN_OBJC_IMPLICIT_RETAIN_SELF = YES;
				CLANG_WARN_OBJC_LITERAL_CONVERSION = YES;
				CLANG_WARN_OBJC_ROOT_CLASS = YES_ERROR;
				CLANG_WARN_QUOTED_INCLUDE_IN_FRAMEWORK_HEADER = YES;
				CLANG_WARN_RANGE_LOOP_ANALYSIS = YES;
				CLANG_WARN_STRICT_PROTOTYPES = YES;
				CLANG_WARN_SUSPICIOUS_MOVE = YES;
				CLANG_WARN_UNGUARDED_AVAILABILITY = YES_AGGRESSIVE;
				CLANG_WARN_UNREACHABLE_CODE = YES;
				CLANG_WARN__DUPLICATE_METHOD_MATCH = YES;
				COPY_PHASE_STRIP = NO;
				DEBUG_INFORMATION_FORMAT = "dwarf-with-dsym";
				ENABLE_NS_ASSERTIONS = NO;
				ENABLE_STRICT_OBJC_MSGSEND = YES;
				ENABLE_USER_SCRIPT_SANDBOXING = YES;
				GCC_C_LANGUAGE_STANDARD = gnu17;
				GCC_NO_COMMON_BLOCKS = YES;
				GCC_WARN_64_TO_32_BIT_CONVERSION = YES;
				GCC_WARN_ABOUT_RETURN_TYPE = YES_ERROR;
				GCC_WARN_UNDECLARED_SELECTOR = YES;
				GCC_WARN_UNINITIALIZED_AUTOS = YES_AGGRESSIVE;
				GCC_WARN_UNUSED_FUNCTION = YES;
				GCC_WARN_UNUSED_VARIABLE = YES;
				IPHONEOS_DEPLOYMENT_TARGET = 17.5;
				LOCALIZATION_PREFERS_STRING_CATALOGS = YES;
				MTL_ENABLE_DEBUG_INFO = NO;
				MTL_FAST_MATH = YES;
				SDKROOT = iphoneos;
				SWIFT_COMPILATION_MODE = wholemodule;
				VALIDATE_PRODUCT = YES;
			};
			name = Release;
		};
		8CFFDB412C99BBF700D52CD6 /* Debug */ = {
			isa = XCBuildConfiguration;
			buildSettings = {
				ASSETCATALOG_COMPILER_APPICON_NAME = AppIcon;
				ASSETCATALOG_COMPILER_GLOBAL_ACCENT_COLOR_NAME = AccentColor;
				CODE_SIGN_STYLE = Automatic;
				CURRENT_PROJECT_VERSION = 1;
				DEVELOPMENT_ASSET_PATHS = "\"DailyMoods/Preview Content\"";
				DEVELOPMENT_TEAM = 2V3BM7WMH8;
				ENABLE_PREVIEWS = YES;
				GENERATE_INFOPLIST_FILE = YES;
				INFOPLIST_KEY_UIApplicationSceneManifest_Generation = YES;
				INFOPLIST_KEY_UIApplicationSupportsIndirectInputEvents = YES;
				INFOPLIST_KEY_UILaunchScreen_Generation = YES;
				INFOPLIST_KEY_UISupportedInterfaceOrientations_iPad = "UIInterfaceOrientationPortrait UIInterfaceOrientationPortraitUpsideDown UIInterfaceOrientationLandscapeLeft UIInterfaceOrientationLandscapeRight";
				INFOPLIST_KEY_UISupportedInterfaceOrientations_iPhone = "UIInterfaceOrientationPortrait UIInterfaceOrientationLandscapeLeft UIInterfaceOrientationLandscapeRight";
				LD_RUNPATH_SEARCH_PATHS = (
					"$(inherited)",
					"@executable_path/Frameworks",
				);
				MARKETING_VERSION = 1.0;
				PRODUCT_BUNDLE_IDENTIFIER = "Taif-Aldehbash.DailyMoods";
				PRODUCT_NAME = "$(TARGET_NAME)";
				SWIFT_EMIT_LOC_STRINGS = YES;
				SWIFT_VERSION = 5.0;
				TARGETED_DEVICE_FAMILY = "1,2";
			};
			name = Debug;
		};
		8CFFDB422C99BBF700D52CD6 /* Release */ = {
			isa = XCBuildConfiguration;
			buildSettings = {
				ASSETCATALOG_COMPILER_APPICON_NAME = AppIcon;
				ASSETCATALOG_COMPILER_GLOBAL_ACCENT_COLOR_NAME = AccentColor;
				CODE_SIGN_STYLE = Automatic;
				CURRENT_PROJECT_VERSION = 1;
				DEVELOPMENT_ASSET_PATHS = "\"DailyMoods/Preview Content\"";
				DEVELOPMENT_TEAM = 2V3BM7WMH8;
				ENABLE_PREVIEWS = YES;
				GENERATE_INFOPLIST_FILE = YES;
				INFOPLIST_KEY_UIApplicationSceneManifest_Generation = YES;
				INFOPLIST_KEY_UIApplicationSupportsIndirectInputEvents = YES;
				INFOPLIST_KEY_UILaunchScreen_Generation = YES;
				INFOPLIST_KEY_UISupportedInterfaceOrientations_iPad = "UIInterfaceOrientationPortrait UIInterfaceOrientationPortraitUpsideDown UIInterfaceOrientationLandscapeLeft UIInterfaceOrientationLandscapeRight";
				INFOPLIST_KEY_UISupportedInterfaceOrientations_iPhone = "UIInterfaceOrientationPortrait UIInterfaceOrientationLandscapeLeft UIInterfaceOrientationLandscapeRight";
				LD_RUNPATH_SEARCH_PATHS = (
					"$(inherited)",
					"@executable_path/Frameworks",
				);
				MARKETING_VERSION = 1.0;
				PRODUCT_BUNDLE_IDENTIFIER = "Taif-Aldehbash.DailyMoods";
				PRODUCT_NAME = "$(TARGET_NAME)";
				SWIFT_EMIT_LOC_STRINGS = YES;
				SWIFT_VERSION = 5.0;
				TARGETED_DEVICE_FAMILY = "1,2";
			};
			name = Release;
		};
		8CFFDB442C99BBF700D52CD6 /* Debug */ = {
			isa = XCBuildConfiguration;
			buildSettings = {
				ALWAYS_EMBED_SWIFT_STANDARD_LIBRARIES = YES;
				BUNDLE_LOADER = "$(TEST_HOST)";
				CODE_SIGN_STYLE = Automatic;
				CURRENT_PROJECT_VERSION = 1;
				DEVELOPMENT_TEAM = 2V3BM7WMH8;
				GENERATE_INFOPLIST_FILE = YES;
				IPHONEOS_DEPLOYMENT_TARGET = 17.5;
				MARKETING_VERSION = 1.0;
				PRODUCT_BUNDLE_IDENTIFIER = "Taif-Aldehbash.DailyMoodsTests";
				PRODUCT_NAME = "$(TARGET_NAME)";
				SWIFT_EMIT_LOC_STRINGS = NO;
				SWIFT_VERSION = 5.0;
				TARGETED_DEVICE_FAMILY = "1,2";
				TEST_HOST = "$(BUILT_PRODUCTS_DIR)/DailyMoods.app/$(BUNDLE_EXECUTABLE_FOLDER_PATH)/DailyMoods";
			};
			name = Debug;
		};
		8CFFDB452C99BBF700D52CD6 /* Release */ = {
			isa = XCBuildConfiguration;
			buildSettings = {
				ALWAYS_EMBED_SWIFT_STANDARD_LIBRARIES = YES;
				BUNDLE_LOADER = "$(TEST_HOST)";
				CODE_SIGN_STYLE = Automatic;
				CURRENT_PROJECT_VERSION = 1;
				DEVELOPMENT_TEAM = 2V3BM7WMH8;
				GENERATE_INFOPLIST_FILE = YES;
				IPHONEOS_DEPLOYMENT_TARGET = 17.5;
				MARKETING_VERSION = 1.0;
				PRODUCT_BUNDLE_IDENTIFIER = "Taif-Aldehbash.DailyMoodsTests";
				PRODUCT_NAME = "$(TARGET_NAME)";
				SWIFT_EMIT_LOC_STRINGS = NO;
				SWIFT_VERSION = 5.0;
				TARGETED_DEVICE_FAMILY = "1,2";
				TEST_HOST = "$(BUILT_PRODUCTS_DIR)/DailyMoods.app/$(BUNDLE_EXECUTABLE_FOLDER_PATH)/DailyMoods";
			};
			name = Release;
		};
		8CFFDB472C99BBF700D52CD6 /* Debug */ = {
			isa = XCBuildConfiguration;
			buildSettings = {
				ALWAYS_EMBED_SWIFT_STANDARD_LIBRARIES = YES;
				CODE_SIGN_STYLE = Automatic;
				CURRENT_PROJECT_VERSION = 1;
				DEVELOPMENT_TEAM = 2V3BM7WMH8;
				GENERATE_INFOPLIST_FILE = YES;
				MARKETING_VERSION = 1.0;
				PRODUCT_BUNDLE_IDENTIFIER = "Taif-Aldehbash.DailyMoodsUITests";
				PRODUCT_NAME = "$(TARGET_NAME)";
				SWIFT_EMIT_LOC_STRINGS = NO;
				SWIFT_VERSION = 5.0;
				TARGETED_DEVICE_FAMILY = "1,2";
				TEST_TARGET_NAME = DailyMoods;
			};
			name = Debug;
		};
		8CFFDB482C99BBF700D52CD6 /* Release */ = {
			isa = XCBuildConfiguration;
			buildSettings = {
				ALWAYS_EMBED_SWIFT_STANDARD_LIBRARIES = YES;
				CODE_SIGN_STYLE = Automatic;
				CURRENT_PROJECT_VERSION = 1;
				DEVELOPMENT_TEAM = 2V3BM7WMH8;
				GENERATE_INFOPLIST_FILE = YES;
				MARKETING_VERSION = 1.0;
				PRODUCT_BUNDLE_IDENTIFIER = "Taif-Aldehbash.DailyMoodsUITests";
				PRODUCT_NAME = "$(TARGET_NAME)";
				SWIFT_EMIT_LOC_STRINGS = NO;
				SWIFT_VERSION = 5.0;
				TARGETED_DEVICE_FAMILY = "1,2";
				TEST_TARGET_NAME = DailyMoods;
			};
			name = Release;
		};
/* End XCBuildConfiguration section */

/* Begin XCConfigurationList section */
		8CFFDB172C99BBF500D52CD6 /* Build configuration list for PBXProject "DailyMoods" */ = {
			isa = XCConfigurationList;
			buildConfigurations = (
				8CFFDB3E2C99BBF700D52CD6 /* Debug */,
				8CFFDB3F2C99BBF700D52CD6 /* Release */,
			);
			defaultConfigurationIsVisible = 0;
			defaultConfigurationName = Release;
		};
		8CFFDB402C99BBF700D52CD6 /* Build configuration list for PBXNativeTarget "DailyMoods" */ = {
			isa = XCConfigurationList;
			buildConfigurations = (
				8CFFDB412C99BBF700D52CD6 /* Debug */,
				8CFFDB422C99BBF700D52CD6 /* Release */,
			);
			defaultConfigurationIsVisible = 0;
			defaultConfigurationName = Release;
		};
		8CFFDB432C99BBF700D52CD6 /* Build configuration list for PBXNativeTarget "DailyMoodsTests" */ = {
			isa = XCConfigurationList;
			buildConfigurations = (
				8CFFDB442C99BBF700D52CD6 /* Debug */,
				8CFFDB452C99BBF700D52CD6 /* Release */,
			);
			defaultConfigurationIsVisible = 0;
			defaultConfigurationName = Release;
		};
		8CFFDB462C99BBF700D52CD6 /* Build configuration list for PBXNativeTarget "DailyMoodsUITests" */ = {
			isa = XCConfigurationList;
			buildConfigurations = (
				8CFFDB472C99BBF700D52CD6 /* Debug */,
				8CFFDB482C99BBF700D52CD6 /* Release */,
			);
			defaultConfigurationIsVisible = 0;
			defaultConfigurationName = Release;
		};
/* End XCConfigurationList section */
	};
	rootObject = 8CFFDB142C99BBF500D52CD6 /* Project object */;
}
